
Microsoft Visual Studio Solution File, Format Version 12.00
# Visual Studio Version 17
VisualStudioVersion = 17.7.34031.279
MinimumVisualStudioVersion = 10.0.40219.1
Project("{2150E333-8FDC-42A3-9474-1A3956D46DE8}") = "Labs", "Labs", "{F2F3769B-F9C1-4FBC-829D-27AD5C3AFE38}"
EndProject
Project("{2150E333-8FDC-42A3-9474-1A3956D46DE8}") = "Lessons", "Lessons", "{0AE415C5-06A0-4BC2-BFD0-A2B69BEFFF6E}"
EndProject
Project("{2150E333-8FDC-42A3-9474-1A3956D46DE8}") = "Tasks", "Tasks", "{D05B7CCA-B968-45ED-82BD-E79D4AA748BA}"
	ProjectSection(SolutionItems) = preProject
		Labs\06.TowersofHanoiProblem\TowersofHanoiProblem.Presentation\Program.cs = Labs\06.TowersofHanoiProblem\TowersofHanoiProblem.Presentation\Program.cs
	EndProjectSection
EndProject
Project("{2150E333-8FDC-42A3-9474-1A3956D46DE8}") = "01.ImgBx", "01.ImgBx", "{9EEDD498-9A01-4312-B302-CF9F81EE60DC}"
EndProject
Project("{2150E333-8FDC-42A3-9474-1A3956D46DE8}") = "ImgBx_Presentation", "ImgBx_Presentation", "{4FD42C0B-059B-41E6-81D3-AE464854CCC3}"
EndProject
Project("{FAE04EC0-301F-11D3-BF4B-00C04F79EFBC}") = "ImgBx_Presentation", "Labs\01.ImgBx\ImgBx_Presentation\ImgBx_Presentation\ImgBx_Presentation.csproj", "{3E266752-DA76-49E2-937F-0C654ED9A8F7}"
EndProject
Project("{2150E333-8FDC-42A3-9474-1A3956D46DE8}") = "ImgBx_Images", "ImgBx_Images", "{A02FCBC3-DA1E-423C-9085-AB16320E5113}"
	ProjectSection(SolutionItems) = preProject
		Labs\01.ImgBx\ImgBx_Images\3monkey_320x187.jpg = Labs\01.ImgBx\ImgBx_Images\3monkey_320x187.jpg
		Labs\01.ImgBx\ImgBx_Images\pepe_318x320.jpg = Labs\01.ImgBx\ImgBx_Images\pepe_318x320.jpg
	EndProjectSection
EndProject
Project("{2150E333-8FDC-42A3-9474-1A3956D46DE8}") = "02.Code_Manipulation", "02.Code_Manipulation", "{C1B21D8F-7D3E-4A0C-AA44-7700825B51CA}"
EndProject
Project("{9A19103F-16F7-4668-BE54-9A1E7A4F7556}") = "Code_Manipulation", "Lessons\02.Code manipulation\Code_Manipulation\Code_Manipulation.csproj", "{68A8FED5-9359-41EF-9D6C-E7599E5C69C3}"
EndProject
Project("{2150E333-8FDC-42A3-9474-1A3956D46DE8}") = "02.ConsoleApp", "02.ConsoleApp", "{8BC2823D-EB1D-458D-BB6D-647D49A59598}"
EndProject
Project("{9A19103F-16F7-4668-BE54-9A1E7A4F7556}") = "HealtApp", "Labs\03.Classes\HealtApp\HealtApp.csproj", "{4248C0C9-B949-43C3-A971-99C970D90193}"
EndProject
Project("{2150E333-8FDC-42A3-9474-1A3956D46DE8}") = "03.Classes", "03.Classes", "{C3875ACE-246C-4F22-ACDE-C2F8764FBE04}"
EndProject
Project("{9A19103F-16F7-4668-BE54-9A1E7A4F7556}") = "ConsoleApp.Presentation", "Labs\02.ConsoleApp\CnslApp.Presentation\ConsoleApp.Presentation\ConsoleApp.Presentation.csproj", "{765782A4-F857-4E82-9F4C-0F8EC60FDEA8}"
EndProject
Project("{2150E333-8FDC-42A3-9474-1A3956D46DE8}") = "03.Private-public", "03.Private-public", "{52C7D41D-C85A-4782-B9D7-BEC51D4B7EF3}"
EndProject
Project("{9A19103F-16F7-4668-BE54-9A1E7A4F7556}") = "Classes", "Lessons\03.Private-public\Classes\Classes.csproj", "{2347A5A0-56BA-4F5F-A148-E85D50E966D9}"
EndProject
Project("{2150E333-8FDC-42A3-9474-1A3956D46DE8}") = "04.Method", "04.Method", "{A3E34909-9192-4388-A0D0-8C1317534631}"
EndProject
Project("{9A19103F-16F7-4668-BE54-9A1E7A4F7556}") = "Method", "Lessons\04.Method\Method\Method.csproj", "{35B7D919-64F1-4847-9BDC-5C2B3C29D085}"
EndProject
Project("{2150E333-8FDC-42A3-9474-1A3956D46DE8}") = "04.HealtApp", "04.HealtApp", "{AA4E320E-B646-403F-B0BA-5D9BD2DE2502}"
EndProject
Project("{9A19103F-16F7-4668-BE54-9A1E7A4F7556}") = "HealtApp2", "Labs\04.HealtApp\HealtApp2\HealtApp2.csproj", "{2A4F643A-E018-4CF2-982C-942565A08A63}"
EndProject
Project("{2150E333-8FDC-42A3-9474-1A3956D46DE8}") = "OtherProjects", "OtherProjects", "{3298DF88-7328-4197-93C9-9014C9E6F205}"
EndProject
Project("{2150E333-8FDC-42A3-9474-1A3956D46DE8}") = "01.CurrencyConversion", "01.CurrencyConversion", "{86A12E31-B08F-4133-B0E0-4B1F64B07021}"
EndProject
Project("{9A19103F-16F7-4668-BE54-9A1E7A4F7556}") = "CurrencyConversionApp", "Other Projects\01.CurrencyConversion\CurrencyConversionApp\CurrencyConversionApp.csproj", "{1D3EA2C5-F522-4A87-856F-5D89F84FE77F}"
EndProject
Project("{2150E333-8FDC-42A3-9474-1A3956D46DE8}") = "02.Bogo", "02.Bogo", "{27E06222-2CCE-46F3-871A-4748A2715898}"
EndProject
Project("{9A19103F-16F7-4668-BE54-9A1E7A4F7556}") = "BogoSortApp", "Other Projects\02.Bogo\BogoSortApp\BogoSortApp.csproj", "{DC347626-20C0-42FB-83E1-E897A7EB9B5A}"
EndProject
Project("{2150E333-8FDC-42A3-9474-1A3956D46DE8}") = "05.FocusOnMethods", "05.FocusOnMethods", "{48E008D9-4CDF-4F95-A7D9-F86E59262265}"
EndProject
Project("{2150E333-8FDC-42A3-9474-1A3956D46DE8}") = "05.RandomMethod", "05.RandomMethod", "{30048304-C337-4284-82A6-F728E540651D}"
EndProject
Project("{FAE04EC0-301F-11D3-BF4B-00C04F79EFBC}") = "220201013Random.Presentation", "Labs\05.RandomMethod\220201013Random.Presentation\220201013Random.Presentation.csproj", "{AA08A276-94DC-495D-B5DD-4FD7CFAD277C}"
EndProject
Project("{2150E333-8FDC-42A3-9474-1A3956D46DE8}") = "03.DiceRolling", "03.DiceRolling", "{FB6A7260-E442-4167-959A-CA3D799D0AA3}"
EndProject
Project("{FAE04EC0-301F-11D3-BF4B-00C04F79EFBC}") = "DiceRollingApp", "Other Projects\03.DiceRolling\DiceRollingApp\DiceRollingApp.csproj", "{DB1BD6EA-7205-466E-87A9-80165F157C7E}"
EndProject
Project("{2150E333-8FDC-42A3-9474-1A3956D46DE8}") = "04.LINQMethods", "04.LINQMethods", "{14C43A48-00D1-4CDE-97A4-E4F933FF8095}"
EndProject
Project("{FAE04EC0-301F-11D3-BF4B-00C04F79EFBC}") = "LINQMethods", "Other Projects\04.LINQMethods\LINQMethods\LINQMethods.csproj", "{18D8FEFF-A6C8-41E3-B7BE-EB836F71A931}"
EndProject
Project("{2150E333-8FDC-42A3-9474-1A3956D46DE8}") = "05.FairTax", "05.FairTax", "{9A9BE3FB-692B-42C0-979F-6FE313BFDE0A}"
EndProject
Project("{FAE04EC0-301F-11D3-BF4B-00C04F79EFBC}") = "FairTax.Presentation", "Other Projects\05.FairTax\FairTax.Presentation\FairTax.Presentation.csproj", "{BEF7FCA3-2356-43E6-9071-212152973803}"
EndProject
Project("{2150E333-8FDC-42A3-9474-1A3956D46DE8}") = "06.MethodsDeepLooking", "06.MethodsDeepLooking", "{2DBF0AC2-754F-457A-AD0A-00C69D73AB5C}"
EndProject
Project("{FAE04EC0-301F-11D3-BF4B-00C04F79EFBC}") = "MethodsDeepLooking", "Lessons\06.MethodsDeepLooking\MethodsDeepLooking\MethodsDeepLooking.csproj", "{6572087E-A365-4DAC-9223-CA13BFC166B4}"
EndProject
Project("{2150E333-8FDC-42A3-9474-1A3956D46DE8}") = "06.TowersofHanoiProblem", "06.TowersofHanoiProblem", "{62503311-BDD7-47F6-865E-0D4EFF1F8A38}"
EndProject
Project("{FAE04EC0-301F-11D3-BF4B-00C04F79EFBC}") = "TowersofHanoiProblem.Presentation", "Labs\06.TowersofHanoiProblem\TowersofHanoiProblem.Presentation\TowersofHanoiProblem.Presentation.csproj", "{F5BA40DF-A846-410F-B73B-884F9F6693E7}"
EndProject
Project("{2150E333-8FDC-42A3-9474-1A3956D46DE8}") = "06.Tax2", "06.Tax2", "{60CD2E97-87D9-43EA-9B6E-A7D2D8B22167}"
EndProject
Project("{9A19103F-16F7-4668-BE54-9A1E7A4F7556}") = "Tax2.Presentation", "Other Projects\06.Tax2\Tax2.Presentation\Tax2.Presentation.csproj", "{C38FDFE7-C897-4BAD-B8F8-094C838A81D3}"
EndProject
Project("{2150E333-8FDC-42A3-9474-1A3956D46DE8}") = "07.LINQ", "07.LINQ", "{D5B453CC-EEF6-41FD-9FDE-A976CDF98CE5}"
EndProject
Project("{9A19103F-16F7-4668-BE54-9A1E7A4F7556}") = "Linq", "Lessons\07.LINQ\Linq\Linq.csproj", "{B5828635-27A0-438C-A6E6-93A4EADC9A2C}"
EndProject
Project("{2150E333-8FDC-42A3-9474-1A3956D46DE8}") = "07.Linq", "07.Linq", "{30DE4478-37C4-4EF7-A5F3-86DB5053A937}"
EndProject
Project("{2150E333-8FDC-42A3-9474-1A3956D46DE8}") = "07.LINQMethods", "07.LINQMethods", "{09E1168C-88C7-45B7-8450-6BF3149B977C}"
EndProject
Project("{9A19103F-16F7-4668-BE54-9A1E7A4F7556}") = "LINQMethods.Presentation", "Lab\07.LINQMethods\LINQMethods.Presentation\LINQMethods.Presentation.csproj", "{540C4D7D-8FE3-4C24-8D50-ED0AB003EE54}"
EndProject
Project("{9A19103F-16F7-4668-BE54-9A1E7A4F7556}") = "ConsoleApp2", "ConsoleApp2\ConsoleApp2.csproj", "{A8E71791-362C-433A-9096-D396E6693B7E}"
EndProject
Project("{2150E333-8FDC-42A3-9474-1A3956D46DE8}") = "07.Excel", "07.Excel", "{0C2F8A87-4DBA-4C2A-9DC8-037322AEAB3B}"
EndProject
Project("{9A19103F-16F7-4668-BE54-9A1E7A4F7556}") = "Excel.Presentation", "Other Projects\Excel.Presentation\Excel.Presentation.csproj", "{0E7D34A7-C4CF-4C28-A6AF-7DD69E22D894}"
EndProject
Project("{2150E333-8FDC-42A3-9474-1A3956D46DE8}") = "8.ClassAndObjectsADeeperLook", "8.ClassAndObjectsADeeperLook", "{CB640601-DC4A-44E0-BD71-EB7CAB8FAAF7}"
EndProject
Project("{9A19103F-16F7-4668-BE54-9A1E7A4F7556}") = "ClassAndObjectsADeeperLook.Presentation", "Lessons\8.ClassAndObjectsADeeperLook\ClassAndObjectsADeeperLook.Presentation\ClassAndObjectsADeeperLook.Presentation.csproj", "{4D9DFF55-EB8C-488D-B66D-4B25F1839F3E}"
EndProject
Project("{9A19103F-16F7-4668-BE54-9A1E7A4F7556}") = "ConsoleApp3", "ConsoleApp3\ConsoleApp3.csproj", "{668E37FE-BE72-4DB9-9552-E0C229AF00E8}"
EndProject
Project("{2150E333-8FDC-42A3-9474-1A3956D46DE8}") = "08.OperatorKey", "08.OperatorKey", "{E6E9C55F-E4FB-48E8-9D64-C29BDAEE243C}"
EndProject
Project("{FAE04EC0-301F-11D3-BF4B-00C04F79EFBC}") = "OperatorKey.Presentation", "Labs\08.OperatorKey\OperatorKey.Presentation\OperatorKey.Presentation.csproj", "{7EEBC19C-7E7D-4386-9774-BF16C13184B2}"
EndProject
Global
	GlobalSection(SolutionConfigurationPlatforms) = preSolution
		Debug|Any CPU = Debug|Any CPU
		Release|Any CPU = Release|Any CPU
	EndGlobalSection
	GlobalSection(ProjectConfigurationPlatforms) = postSolution
		{3E266752-DA76-49E2-937F-0C654ED9A8F7}.Debug|Any CPU.ActiveCfg = Debug|Any CPU
		{3E266752-DA76-49E2-937F-0C654ED9A8F7}.Debug|Any CPU.Build.0 = Debug|Any CPU
		{3E266752-DA76-49E2-937F-0C654ED9A8F7}.Release|Any CPU.ActiveCfg = Release|Any CPU
		{3E266752-DA76-49E2-937F-0C654ED9A8F7}.Release|Any CPU.Build.0 = Release|Any CPU
		{68A8FED5-9359-41EF-9D6C-E7599E5C69C3}.Debug|Any CPU.ActiveCfg = Debug|Any CPU
		{68A8FED5-9359-41EF-9D6C-E7599E5C69C3}.Debug|Any CPU.Build.0 = Debug|Any CPU
		{68A8FED5-9359-41EF-9D6C-E7599E5C69C3}.Release|Any CPU.ActiveCfg = Release|Any CPU
		{68A8FED5-9359-41EF-9D6C-E7599E5C69C3}.Release|Any CPU.Build.0 = Release|Any CPU
		{4248C0C9-B949-43C3-A971-99C970D90193}.Debug|Any CPU.ActiveCfg = Debug|Any CPU
		{4248C0C9-B949-43C3-A971-99C970D90193}.Debug|Any CPU.Build.0 = Debug|Any CPU
		{4248C0C9-B949-43C3-A971-99C970D90193}.Release|Any CPU.ActiveCfg = Release|Any CPU
		{4248C0C9-B949-43C3-A971-99C970D90193}.Release|Any CPU.Build.0 = Release|Any CPU
		{765782A4-F857-4E82-9F4C-0F8EC60FDEA8}.Debug|Any CPU.ActiveCfg = Debug|Any CPU
		{765782A4-F857-4E82-9F4C-0F8EC60FDEA8}.Debug|Any CPU.Build.0 = Debug|Any CPU
		{765782A4-F857-4E82-9F4C-0F8EC60FDEA8}.Release|Any CPU.ActiveCfg = Release|Any CPU
		{765782A4-F857-4E82-9F4C-0F8EC60FDEA8}.Release|Any CPU.Build.0 = Release|Any CPU
		{2347A5A0-56BA-4F5F-A148-E85D50E966D9}.Debug|Any CPU.ActiveCfg = Debug|Any CPU
		{2347A5A0-56BA-4F5F-A148-E85D50E966D9}.Debug|Any CPU.Build.0 = Debug|Any CPU
		{2347A5A0-56BA-4F5F-A148-E85D50E966D9}.Release|Any CPU.ActiveCfg = Release|Any CPU
		{2347A5A0-56BA-4F5F-A148-E85D50E966D9}.Release|Any CPU.Build.0 = Release|Any CPU
		{35B7D919-64F1-4847-9BDC-5C2B3C29D085}.Debug|Any CPU.ActiveCfg = Debug|Any CPU
		{35B7D919-64F1-4847-9BDC-5C2B3C29D085}.Debug|Any CPU.Build.0 = Debug|Any CPU
		{35B7D919-64F1-4847-9BDC-5C2B3C29D085}.Release|Any CPU.ActiveCfg = Release|Any CPU
		{35B7D919-64F1-4847-9BDC-5C2B3C29D085}.Release|Any CPU.Build.0 = Release|Any CPU
		{2A4F643A-E018-4CF2-982C-942565A08A63}.Debug|Any CPU.ActiveCfg = Debug|Any CPU
		{2A4F643A-E018-4CF2-982C-942565A08A63}.Debug|Any CPU.Build.0 = Debug|Any CPU
		{2A4F643A-E018-4CF2-982C-942565A08A63}.Release|Any CPU.ActiveCfg = Release|Any CPU
		{2A4F643A-E018-4CF2-982C-942565A08A63}.Release|Any CPU.Build.0 = Release|Any CPU
		{1D3EA2C5-F522-4A87-856F-5D89F84FE77F}.Debug|Any CPU.ActiveCfg = Debug|Any CPU
		{1D3EA2C5-F522-4A87-856F-5D89F84FE77F}.Debug|Any CPU.Build.0 = Debug|Any CPU
		{1D3EA2C5-F522-4A87-856F-5D89F84FE77F}.Release|Any CPU.ActiveCfg = Release|Any CPU
		{1D3EA2C5-F522-4A87-856F-5D89F84FE77F}.Release|Any CPU.Build.0 = Release|Any CPU
		{DC347626-20C0-42FB-83E1-E897A7EB9B5A}.Debug|Any CPU.ActiveCfg = Debug|Any CPU
		{DC347626-20C0-42FB-83E1-E897A7EB9B5A}.Debug|Any CPU.Build.0 = Debug|Any CPU
		{DC347626-20C0-42FB-83E1-E897A7EB9B5A}.Release|Any CPU.ActiveCfg = Release|Any CPU
		{DC347626-20C0-42FB-83E1-E897A7EB9B5A}.Release|Any CPU.Build.0 = Release|Any CPU
		{AA08A276-94DC-495D-B5DD-4FD7CFAD277C}.Debug|Any CPU.ActiveCfg = Debug|Any CPU
		{AA08A276-94DC-495D-B5DD-4FD7CFAD277C}.Debug|Any CPU.Build.0 = Debug|Any CPU
		{AA08A276-94DC-495D-B5DD-4FD7CFAD277C}.Release|Any CPU.ActiveCfg = Release|Any CPU
		{AA08A276-94DC-495D-B5DD-4FD7CFAD277C}.Release|Any CPU.Build.0 = Release|Any CPU
		{DB1BD6EA-7205-466E-87A9-80165F157C7E}.Debug|Any CPU.ActiveCfg = Debug|Any CPU
		{DB1BD6EA-7205-466E-87A9-80165F157C7E}.Debug|Any CPU.Build.0 = Debug|Any CPU
		{DB1BD6EA-7205-466E-87A9-80165F157C7E}.Release|Any CPU.ActiveCfg = Release|Any CPU
		{DB1BD6EA-7205-466E-87A9-80165F157C7E}.Release|Any CPU.Build.0 = Release|Any CPU
		{18D8FEFF-A6C8-41E3-B7BE-EB836F71A931}.Debug|Any CPU.ActiveCfg = Debug|Any CPU
		{18D8FEFF-A6C8-41E3-B7BE-EB836F71A931}.Debug|Any CPU.Build.0 = Debug|Any CPU
		{18D8FEFF-A6C8-41E3-B7BE-EB836F71A931}.Release|Any CPU.ActiveCfg = Release|Any CPU
		{18D8FEFF-A6C8-41E3-B7BE-EB836F71A931}.Release|Any CPU.Build.0 = Release|Any CPU
		{BEF7FCA3-2356-43E6-9071-212152973803}.Debug|Any CPU.ActiveCfg = Debug|Any CPU
		{BEF7FCA3-2356-43E6-9071-212152973803}.Debug|Any CPU.Build.0 = Debug|Any CPU
		{BEF7FCA3-2356-43E6-9071-212152973803}.Release|Any CPU.ActiveCfg = Release|Any CPU
		{BEF7FCA3-2356-43E6-9071-212152973803}.Release|Any CPU.Build.0 = Release|Any CPU
		{6572087E-A365-4DAC-9223-CA13BFC166B4}.Debug|Any CPU.ActiveCfg = Debug|Any CPU
		{6572087E-A365-4DAC-9223-CA13BFC166B4}.Debug|Any CPU.Build.0 = Debug|Any CPU
		{6572087E-A365-4DAC-9223-CA13BFC166B4}.Release|Any CPU.ActiveCfg = Release|Any CPU
		{6572087E-A365-4DAC-9223-CA13BFC166B4}.Release|Any CPU.Build.0 = Release|Any CPU
		{F5BA40DF-A846-410F-B73B-884F9F6693E7}.Debug|Any CPU.ActiveCfg = Debug|Any CPU
		{F5BA40DF-A846-410F-B73B-884F9F6693E7}.Debug|Any CPU.Build.0 = Debug|Any CPU
		{F5BA40DF-A846-410F-B73B-884F9F6693E7}.Release|Any CPU.ActiveCfg = Release|Any CPU
		{F5BA40DF-A846-410F-B73B-884F9F6693E7}.Release|Any CPU.Build.0 = Release|Any CPU
		{C38FDFE7-C897-4BAD-B8F8-094C838A81D3}.Debug|Any CPU.ActiveCfg = Debug|Any CPU
		{C38FDFE7-C897-4BAD-B8F8-094C838A81D3}.Debug|Any CPU.Build.0 = Debug|Any CPU
		{C38FDFE7-C897-4BAD-B8F8-094C838A81D3}.Release|Any CPU.ActiveCfg = Release|Any CPU
		{C38FDFE7-C897-4BAD-B8F8-094C838A81D3}.Release|Any CPU.Build.0 = Release|Any CPU
		{B5828635-27A0-438C-A6E6-93A4EADC9A2C}.Debug|Any CPU.ActiveCfg = Debug|Any CPU
		{B5828635-27A0-438C-A6E6-93A4EADC9A2C}.Debug|Any CPU.Build.0 = Debug|Any CPU
		{B5828635-27A0-438C-A6E6-93A4EADC9A2C}.Release|Any CPU.ActiveCfg = Release|Any CPU
		{B5828635-27A0-438C-A6E6-93A4EADC9A2C}.Release|Any CPU.Build.0 = Release|Any CPU
		{540C4D7D-8FE3-4C24-8D50-ED0AB003EE54}.Debug|Any CPU.ActiveCfg = Debug|Any CPU
		{540C4D7D-8FE3-4C24-8D50-ED0AB003EE54}.Debug|Any CPU.Build.0 = Debug|Any CPU
		{540C4D7D-8FE3-4C24-8D50-ED0AB003EE54}.Release|Any CPU.ActiveCfg = Release|Any CPU
		{540C4D7D-8FE3-4C24-8D50-ED0AB003EE54}.Release|Any CPU.Build.0 = Release|Any CPU
		{A8E71791-362C-433A-9096-D396E6693B7E}.Debug|Any CPU.ActiveCfg = Debug|Any CPU
		{A8E71791-362C-433A-9096-D396E6693B7E}.Debug|Any CPU.Build.0 = Debug|Any CPU
		{A8E71791-362C-433A-9096-D396E6693B7E}.Release|Any CPU.ActiveCfg = Release|Any CPU
		{A8E71791-362C-433A-9096-D396E6693B7E}.Release|Any CPU.Build.0 = Release|Any CPU
		{0E7D34A7-C4CF-4C28-A6AF-7DD69E22D894}.Debug|Any CPU.ActiveCfg = Debug|Any CPU
		{0E7D34A7-C4CF-4C28-A6AF-7DD69E22D894}.Debug|Any CPU.Build.0 = Debug|Any CPU
		{0E7D34A7-C4CF-4C28-A6AF-7DD69E22D894}.Release|Any CPU.ActiveCfg = Release|Any CPU
		{0E7D34A7-C4CF-4C28-A6AF-7DD69E22D894}.Release|Any CPU.Build.0 = Release|Any CPU
		{4D9DFF55-EB8C-488D-B66D-4B25F1839F3E}.Debug|Any CPU.ActiveCfg = Debug|Any CPU
		{4D9DFF55-EB8C-488D-B66D-4B25F1839F3E}.Debug|Any CPU.Build.0 = Debug|Any CPU
		{4D9DFF55-EB8C-488D-B66D-4B25F1839F3E}.Release|Any CPU.ActiveCfg = Release|Any CPU
		{4D9DFF55-EB8C-488D-B66D-4B25F1839F3E}.Release|Any CPU.Build.0 = Release|Any CPU
		{668E37FE-BE72-4DB9-9552-E0C229AF00E8}.Debug|Any CPU.ActiveCfg = Debug|Any CPU
		{668E37FE-BE72-4DB9-9552-E0C229AF00E8}.Debug|Any CPU.Build.0 = Debug|Any CPU
		{668E37FE-BE72-4DB9-9552-E0C229AF00E8}.Release|Any CPU.ActiveCfg = Release|Any CPU
		{668E37FE-BE72-4DB9-9552-E0C229AF00E8}.Release|Any CPU.Build.0 = Release|Any CPU
		{7EEBC19C-7E7D-4386-9774-BF16C13184B2}.Debug|Any CPU.ActiveCfg = Debug|Any CPU
		{7EEBC19C-7E7D-4386-9774-BF16C13184B2}.Debug|Any CPU.Build.0 = Debug|Any CPU
		{7EEBC19C-7E7D-4386-9774-BF16C13184B2}.Release|Any CPU.ActiveCfg = Release|Any CPU
		{7EEBC19C-7E7D-4386-9774-BF16C13184B2}.Release|Any CPU.Build.0 = Release|Any CPU
	EndGlobalSection
	GlobalSection(SolutionProperties) = preSolution
		HideSolutionNode = FALSE
	EndGlobalSection
	GlobalSection(NestedProjects) = preSolution
		{9EEDD498-9A01-4312-B302-CF9F81EE60DC} = {F2F3769B-F9C1-4FBC-829D-27AD5C3AFE38}
		{4FD42C0B-059B-41E6-81D3-AE464854CCC3} = {9EEDD498-9A01-4312-B302-CF9F81EE60DC}
		{3E266752-DA76-49E2-937F-0C654ED9A8F7} = {4FD42C0B-059B-41E6-81D3-AE464854CCC3}
		{A02FCBC3-DA1E-423C-9085-AB16320E5113} = {9EEDD498-9A01-4312-B302-CF9F81EE60DC}
		{C1B21D8F-7D3E-4A0C-AA44-7700825B51CA} = {0AE415C5-06A0-4BC2-BFD0-A2B69BEFFF6E}
		{68A8FED5-9359-41EF-9D6C-E7599E5C69C3} = {C1B21D8F-7D3E-4A0C-AA44-7700825B51CA}
		{8BC2823D-EB1D-458D-BB6D-647D49A59598} = {F2F3769B-F9C1-4FBC-829D-27AD5C3AFE38}
		{4248C0C9-B949-43C3-A971-99C970D90193} = {C3875ACE-246C-4F22-ACDE-C2F8764FBE04}
		{C3875ACE-246C-4F22-ACDE-C2F8764FBE04} = {F2F3769B-F9C1-4FBC-829D-27AD5C3AFE38}
		{765782A4-F857-4E82-9F4C-0F8EC60FDEA8} = {8BC2823D-EB1D-458D-BB6D-647D49A59598}
		{52C7D41D-C85A-4782-B9D7-BEC51D4B7EF3} = {0AE415C5-06A0-4BC2-BFD0-A2B69BEFFF6E}
		{2347A5A0-56BA-4F5F-A148-E85D50E966D9} = {52C7D41D-C85A-4782-B9D7-BEC51D4B7EF3}
		{A3E34909-9192-4388-A0D0-8C1317534631} = {0AE415C5-06A0-4BC2-BFD0-A2B69BEFFF6E}
		{35B7D919-64F1-4847-9BDC-5C2B3C29D085} = {A3E34909-9192-4388-A0D0-8C1317534631}
		{AA4E320E-B646-403F-B0BA-5D9BD2DE2502} = {F2F3769B-F9C1-4FBC-829D-27AD5C3AFE38}
		{2A4F643A-E018-4CF2-982C-942565A08A63} = {AA4E320E-B646-403F-B0BA-5D9BD2DE2502}
		{86A12E31-B08F-4133-B0E0-4B1F64B07021} = {3298DF88-7328-4197-93C9-9014C9E6F205}
		{1D3EA2C5-F522-4A87-856F-5D89F84FE77F} = {86A12E31-B08F-4133-B0E0-4B1F64B07021}
		{27E06222-2CCE-46F3-871A-4748A2715898} = {3298DF88-7328-4197-93C9-9014C9E6F205}
		{DC347626-20C0-42FB-83E1-E897A7EB9B5A} = {27E06222-2CCE-46F3-871A-4748A2715898}
		{48E008D9-4CDF-4F95-A7D9-F86E59262265} = {0AE415C5-06A0-4BC2-BFD0-A2B69BEFFF6E}
		{30048304-C337-4284-82A6-F728E540651D} = {F2F3769B-F9C1-4FBC-829D-27AD5C3AFE38}
		{AA08A276-94DC-495D-B5DD-4FD7CFAD277C} = {30048304-C337-4284-82A6-F728E540651D}
		{FB6A7260-E442-4167-959A-CA3D799D0AA3} = {3298DF88-7328-4197-93C9-9014C9E6F205}
		{DB1BD6EA-7205-466E-87A9-80165F157C7E} = {FB6A7260-E442-4167-959A-CA3D799D0AA3}
		{14C43A48-00D1-4CDE-97A4-E4F933FF8095} = {3298DF88-7328-4197-93C9-9014C9E6F205}
		{18D8FEFF-A6C8-41E3-B7BE-EB836F71A931} = {14C43A48-00D1-4CDE-97A4-E4F933FF8095}
		{9A9BE3FB-692B-42C0-979F-6FE313BFDE0A} = {3298DF88-7328-4197-93C9-9014C9E6F205}
		{BEF7FCA3-2356-43E6-9071-212152973803} = {9A9BE3FB-692B-42C0-979F-6FE313BFDE0A}
		{2DBF0AC2-754F-457A-AD0A-00C69D73AB5C} = {0AE415C5-06A0-4BC2-BFD0-A2B69BEFFF6E}
		{6572087E-A365-4DAC-9223-CA13BFC166B4} = {2DBF0AC2-754F-457A-AD0A-00C69D73AB5C}
		{62503311-BDD7-47F6-865E-0D4EFF1F8A38} = {F2F3769B-F9C1-4FBC-829D-27AD5C3AFE38}
		{F5BA40DF-A846-410F-B73B-884F9F6693E7} = {62503311-BDD7-47F6-865E-0D4EFF1F8A38}
		{60CD2E97-87D9-43EA-9B6E-A7D2D8B22167} = {3298DF88-7328-4197-93C9-9014C9E6F205}
		{C38FDFE7-C897-4BAD-B8F8-094C838A81D3} = {60CD2E97-87D9-43EA-9B6E-A7D2D8B22167}
		{D5B453CC-EEF6-41FD-9FDE-A976CDF98CE5} = {0AE415C5-06A0-4BC2-BFD0-A2B69BEFFF6E}
		{B5828635-27A0-438C-A6E6-93A4EADC9A2C} = {D5B453CC-EEF6-41FD-9FDE-A976CDF98CE5}
		{30DE4478-37C4-4EF7-A5F3-86DB5053A937} = {3298DF88-7328-4197-93C9-9014C9E6F205}
		{09E1168C-88C7-45B7-8450-6BF3149B977C} = {F2F3769B-F9C1-4FBC-829D-27AD5C3AFE38}
		{540C4D7D-8FE3-4C24-8D50-ED0AB003EE54} = {09E1168C-88C7-45B7-8450-6BF3149B977C}
		{A8E71791-362C-433A-9096-D396E6693B7E} = {30DE4478-37C4-4EF7-A5F3-86DB5053A937}
		{0C2F8A87-4DBA-4C2A-9DC8-037322AEAB3B} = {3298DF88-7328-4197-93C9-9014C9E6F205}
		{0E7D34A7-C4CF-4C28-A6AF-7DD69E22D894} = {0C2F8A87-4DBA-4C2A-9DC8-037322AEAB3B}
		{CB640601-DC4A-44E0-BD71-EB7CAB8FAAF7} = {0AE415C5-06A0-4BC2-BFD0-A2B69BEFFF6E}
		{4D9DFF55-EB8C-488D-B66D-4B25F1839F3E} = {CB640601-DC4A-44E0-BD71-EB7CAB8FAAF7}
		{668E37FE-BE72-4DB9-9552-E0C229AF00E8} = {3298DF88-7328-4197-93C9-9014C9E6F205}
		{E6E9C55F-E4FB-48E8-9D64-C29BDAEE243C} = {F2F3769B-F9C1-4FBC-829D-27AD5C3AFE38}
		{7EEBC19C-7E7D-4386-9774-BF16C13184B2} = {E6E9C55F-E4FB-48E8-9D64-C29BDAEE243C}
	EndGlobalSection
	GlobalSection(ExtensibilityGlobals) = postSolution
		SolutionGuid = {E952F395-AAAC-43CD-BB52-B2C8CBD27F51}
	EndGlobalSection
EndGlobal
