
Microsoft Visual Studio Solution File, Format Version 12.00
# Visual Studio Version 17
VisualStudioVersion = 17.7.34031.279
MinimumVisualStudioVersion = 10.0.40219.1
Project("{2150E333-8FDC-42A3-9474-1A3956D46DE8}") = "Labs", "Labs", "{F2F3769B-F9C1-4FBC-829D-27AD5C3AFE38}"
EndProject
Project("{2150E333-8FDC-42A3-9474-1A3956D46DE8}") = "Lessons", "Lessons", "{0AE415C5-06A0-4BC2-BFD0-A2B69BEFFF6E}"
EndProject
Project("{2150E333-8FDC-42A3-9474-1A3956D46DE8}") = "Tasks", "Tasks", "{D05B7CCA-B968-45ED-82BD-E79D4AA748BA}"
	ProjectSection(SolutionItems) = preProject
		04.Method\Method\XMLFile1.xml = 04.Method\Method\XMLFile1.xml
	EndProjectSection
EndProject
Project("{2150E333-8FDC-42A3-9474-1A3956D46DE8}") = "01.ImgBx", "01.ImgBx", "{9EEDD498-9A01-4312-B302-CF9F81EE60DC}"
EndProject
Project("{2150E333-8FDC-42A3-9474-1A3956D46DE8}") = "ImgBx_Presentation", "ImgBx_Presentation", "{4FD42C0B-059B-41E6-81D3-AE464854CCC3}"
EndProject
Project("{FAE04EC0-301F-11D3-BF4B-00C04F79EFBC}") = "ImgBx_Presentation", "Labs\01.ImgBx\ImgBx_Presentation\ImgBx_Presentation\ImgBx_Presentation.csproj", "{3E266752-DA76-49E2-937F-0C654ED9A8F7}"
EndProject
Project("{2150E333-8FDC-42A3-9474-1A3956D46DE8}") = "ImgBx_Images", "ImgBx_Images", "{A02FCBC3-DA1E-423C-9085-AB16320E5113}"
	ProjectSection(SolutionItems) = preProject
		Labs\01.ImgBx\ImgBx_Images\3monkey_320x187.jpg = Labs\01.ImgBx\ImgBx_Images\3monkey_320x187.jpg
		Labs\01.ImgBx\ImgBx_Images\pepe_318x320.jpg = Labs\01.ImgBx\ImgBx_Images\pepe_318x320.jpg
	EndProjectSection
EndProject
Project("{2150E333-8FDC-42A3-9474-1A3956D46DE8}") = "02.Code_Manipulation", "02.Code_Manipulation", "{C1B21D8F-7D3E-4A0C-AA44-7700825B51CA}"
EndProject
Project("{9A19103F-16F7-4668-BE54-9A1E7A4F7556}") = "Code_Manipulation", "Lessons\02.Code manipulation\Code_Manipulation\Code_Manipulation.csproj", "{68A8FED5-9359-41EF-9D6C-E7599E5C69C3}"
EndProject
Project("{2150E333-8FDC-42A3-9474-1A3956D46DE8}") = "02.ConsoleApp", "02.ConsoleApp", "{8BC2823D-EB1D-458D-BB6D-647D49A59598}"
EndProject
Project("{9A19103F-16F7-4668-BE54-9A1E7A4F7556}") = "HealtApp", "Labs\03.Classes\HealtApp\HealtApp.csproj", "{4248C0C9-B949-43C3-A971-99C970D90193}"
EndProject
Project("{2150E333-8FDC-42A3-9474-1A3956D46DE8}") = "03.Classes", "03.Classes", "{C3875ACE-246C-4F22-ACDE-C2F8764FBE04}"
EndProject
Project("{9A19103F-16F7-4668-BE54-9A1E7A4F7556}") = "ConsoleApp.Presentation", "Labs\02.ConsoleApp\CnslApp.Presentation\ConsoleApp.Presentation\ConsoleApp.Presentation.csproj", "{765782A4-F857-4E82-9F4C-0F8EC60FDEA8}"
EndProject
Project("{2150E333-8FDC-42A3-9474-1A3956D46DE8}") = "03.Private-public", "03.Private-public", "{52C7D41D-C85A-4782-B9D7-BEC51D4B7EF3}"
EndProject
Project("{9A19103F-16F7-4668-BE54-9A1E7A4F7556}") = "Classes", "Lessons\03.Private-public\Classes\Classes.csproj", "{2347A5A0-56BA-4F5F-A148-E85D50E966D9}"
EndProject
Project("{2150E333-8FDC-42A3-9474-1A3956D46DE8}") = "04.Method", "04.Method", "{A3E34909-9192-4388-A0D0-8C1317534631}"
EndProject
Project("{9A19103F-16F7-4668-BE54-9A1E7A4F7556}") = "Method", "04.Method\Method\Method.csproj", "{BAFDAE5A-00F5-4F7C-A99F-4A2F89CCE15E}"
EndProject
Global
	GlobalSection(SolutionConfigurationPlatforms) = preSolution
		Debug|Any CPU = Debug|Any CPU
		Release|Any CPU = Release|Any CPU
	EndGlobalSection
	GlobalSection(ProjectConfigurationPlatforms) = postSolution
		{3E266752-DA76-49E2-937F-0C654ED9A8F7}.Debug|Any CPU.ActiveCfg = Debug|Any CPU
		{3E266752-DA76-49E2-937F-0C654ED9A8F7}.Debug|Any CPU.Build.0 = Debug|Any CPU
		{3E266752-DA76-49E2-937F-0C654ED9A8F7}.Release|Any CPU.ActiveCfg = Release|Any CPU
		{3E266752-DA76-49E2-937F-0C654ED9A8F7}.Release|Any CPU.Build.0 = Release|Any CPU
		{68A8FED5-9359-41EF-9D6C-E7599E5C69C3}.Debug|Any CPU.ActiveCfg = Debug|Any CPU
		{68A8FED5-9359-41EF-9D6C-E7599E5C69C3}.Debug|Any CPU.Build.0 = Debug|Any CPU
		{68A8FED5-9359-41EF-9D6C-E7599E5C69C3}.Release|Any CPU.ActiveCfg = Release|Any CPU
		{68A8FED5-9359-41EF-9D6C-E7599E5C69C3}.Release|Any CPU.Build.0 = Release|Any CPU
		{4248C0C9-B949-43C3-A971-99C970D90193}.Debug|Any CPU.ActiveCfg = Debug|Any CPU
		{4248C0C9-B949-43C3-A971-99C970D90193}.Debug|Any CPU.Build.0 = Debug|Any CPU
		{4248C0C9-B949-43C3-A971-99C970D90193}.Release|Any CPU.ActiveCfg = Release|Any CPU
		{4248C0C9-B949-43C3-A971-99C970D90193}.Release|Any CPU.Build.0 = Release|Any CPU
		{765782A4-F857-4E82-9F4C-0F8EC60FDEA8}.Debug|Any CPU.ActiveCfg = Debug|Any CPU
		{765782A4-F857-4E82-9F4C-0F8EC60FDEA8}.Debug|Any CPU.Build.0 = Debug|Any CPU
		{765782A4-F857-4E82-9F4C-0F8EC60FDEA8}.Release|Any CPU.ActiveCfg = Release|Any CPU
		{765782A4-F857-4E82-9F4C-0F8EC60FDEA8}.Release|Any CPU.Build.0 = Release|Any CPU
		{2347A5A0-56BA-4F5F-A148-E85D50E966D9}.Debug|Any CPU.ActiveCfg = Debug|Any CPU
		{2347A5A0-56BA-4F5F-A148-E85D50E966D9}.Debug|Any CPU.Build.0 = Debug|Any CPU
		{2347A5A0-56BA-4F5F-A148-E85D50E966D9}.Release|Any CPU.ActiveCfg = Release|Any CPU
		{2347A5A0-56BA-4F5F-A148-E85D50E966D9}.Release|Any CPU.Build.0 = Release|Any CPU
		{BAFDAE5A-00F5-4F7C-A99F-4A2F89CCE15E}.Debug|Any CPU.ActiveCfg = Debug|Any CPU
		{BAFDAE5A-00F5-4F7C-A99F-4A2F89CCE15E}.Debug|Any CPU.Build.0 = Debug|Any CPU
		{BAFDAE5A-00F5-4F7C-A99F-4A2F89CCE15E}.Release|Any CPU.ActiveCfg = Release|Any CPU
		{BAFDAE5A-00F5-4F7C-A99F-4A2F89CCE15E}.Release|Any CPU.Build.0 = Release|Any CPU
	EndGlobalSection
	GlobalSection(SolutionProperties) = preSolution
		HideSolutionNode = FALSE
	EndGlobalSection
	GlobalSection(NestedProjects) = preSolution
		{9EEDD498-9A01-4312-B302-CF9F81EE60DC} = {F2F3769B-F9C1-4FBC-829D-27AD5C3AFE38}
		{4FD42C0B-059B-41E6-81D3-AE464854CCC3} = {9EEDD498-9A01-4312-B302-CF9F81EE60DC}
		{3E266752-DA76-49E2-937F-0C654ED9A8F7} = {4FD42C0B-059B-41E6-81D3-AE464854CCC3}
		{A02FCBC3-DA1E-423C-9085-AB16320E5113} = {9EEDD498-9A01-4312-B302-CF9F81EE60DC}
		{C1B21D8F-7D3E-4A0C-AA44-7700825B51CA} = {0AE415C5-06A0-4BC2-BFD0-A2B69BEFFF6E}
		{68A8FED5-9359-41EF-9D6C-E7599E5C69C3} = {C1B21D8F-7D3E-4A0C-AA44-7700825B51CA}
		{8BC2823D-EB1D-458D-BB6D-647D49A59598} = {F2F3769B-F9C1-4FBC-829D-27AD5C3AFE38}
		{4248C0C9-B949-43C3-A971-99C970D90193} = {C3875ACE-246C-4F22-ACDE-C2F8764FBE04}
		{C3875ACE-246C-4F22-ACDE-C2F8764FBE04} = {F2F3769B-F9C1-4FBC-829D-27AD5C3AFE38}
		{765782A4-F857-4E82-9F4C-0F8EC60FDEA8} = {8BC2823D-EB1D-458D-BB6D-647D49A59598}
		{52C7D41D-C85A-4782-B9D7-BEC51D4B7EF3} = {0AE415C5-06A0-4BC2-BFD0-A2B69BEFFF6E}
		{2347A5A0-56BA-4F5F-A148-E85D50E966D9} = {52C7D41D-C85A-4782-B9D7-BEC51D4B7EF3}
		{A3E34909-9192-4388-A0D0-8C1317534631} = {0AE415C5-06A0-4BC2-BFD0-A2B69BEFFF6E}
		{BAFDAE5A-00F5-4F7C-A99F-4A2F89CCE15E} = {A3E34909-9192-4388-A0D0-8C1317534631}
	EndGlobalSection
	GlobalSection(ExtensibilityGlobals) = postSolution
		SolutionGuid = {E952F395-AAAC-43CD-BB52-B2C8CBD27F51}
	EndGlobalSection
EndGlobal
